
Microsoft Visual Studio Solution File, Format Version 12.00
# Visual Studio Version 17
VisualStudioVersion = 17.11.35208.52
MinimumVisualStudioVersion = 10.0.40219.1
Project("{8BC9CEB8-8B4A-11D0-8D11-00A0C91BC942}") = "ex0510", "ex0510.vcxproj", "{0DB4AD62-F43C-475B-8361-ADAC26925C38}"
EndProject
Global
	GlobalSection(SolutionConfigurationPlatforms) = preSolution
		Debug|x64 = Debug|x64
		Debug|x86 = Debug|x86
		Release|x64 = Release|x64
		Release|x86 = Release|x86
	EndGlobalSection
	GlobalSection(ProjectConfigurationPlatforms) = postSolution
		{0DB4AD62-F43C-475B-8361-ADAC26925C38}.Debug|x64.ActiveCfg = Debug|x64
		{0DB4AD62-F43C-475B-8361-ADAC26925C38}.Debug|x64.Build.0 = Debug|x64
		{0DB4AD62-F43C-475B-8361-ADAC26925C38}.Debug|x86.ActiveCfg = Debug|Win32
		{0DB4AD62-F43C-475B-8361-ADAC26925C38}.Debug|x86.Build.0 = Debug|Win32
		{0DB4AD62-F43C-475B-8361-ADAC26925C38}.Release|x64.ActiveCfg = Release|x64
		{0DB4AD62-F43C-475B-8361-ADAC26925C38}.Release|x64.Build.0 = Release|x64
		{0DB4AD62-F43C-475B-8361-ADAC26925C38}.Release|x86.ActiveCfg = Release|Win32
		{0DB4AD62-F43C-475B-8361-ADAC26925C38}.Release|x86.Build.0 = Release|Win32
	EndGlobalSection
	GlobalSection(SolutionProperties) = preSolution
		HideSolutionNode = FALSE
	EndGlobalSection
	GlobalSection(ExtensibilityGlobals) = postSolution
		SolutionGuid = {78DBA4E6-7852-461A-BABD-61C7B0FAF921}
	EndGlobalSection
EndGlobal
