
Microsoft Visual Studio Solution File, Format Version 12.00
# Visual Studio Version 17
VisualStudioVersion = 17.11.35208.52
MinimumVisualStudioVersion = 10.0.40219.1
Project("{8BC9CEB8-8B4A-11D0-8D11-00A0C91BC942}") = "ex0509(b)", "ex0509(b).vcxproj", "{97ADA4C7-7979-46B9-9C66-211823E7D7DC}"
EndProject
Global
	GlobalSection(SolutionConfigurationPlatforms) = preSolution
		Debug|x64 = Debug|x64
		Debug|x86 = Debug|x86
		Release|x64 = Release|x64
		Release|x86 = Release|x86
	EndGlobalSection
	GlobalSection(ProjectConfigurationPlatforms) = postSolution
		{97ADA4C7-7979-46B9-9C66-211823E7D7DC}.Debug|x64.ActiveCfg = Debug|x64
		{97ADA4C7-7979-46B9-9C66-211823E7D7DC}.Debug|x64.Build.0 = Debug|x64
		{97ADA4C7-7979-46B9-9C66-211823E7D7DC}.Debug|x86.ActiveCfg = Debug|Win32
		{97ADA4C7-7979-46B9-9C66-211823E7D7DC}.Debug|x86.Build.0 = Debug|Win32
		{97ADA4C7-7979-46B9-9C66-211823E7D7DC}.Release|x64.ActiveCfg = Release|x64
		{97ADA4C7-7979-46B9-9C66-211823E7D7DC}.Release|x64.Build.0 = Release|x64
		{97ADA4C7-7979-46B9-9C66-211823E7D7DC}.Release|x86.ActiveCfg = Release|Win32
		{97ADA4C7-7979-46B9-9C66-211823E7D7DC}.Release|x86.Build.0 = Release|Win32
	EndGlobalSection
	GlobalSection(SolutionProperties) = preSolution
		HideSolutionNode = FALSE
	EndGlobalSection
	GlobalSection(ExtensibilityGlobals) = postSolution
		SolutionGuid = {BC06287B-E4B2-4735-A380-217D1AF41C98}
	EndGlobalSection
EndGlobal
